
Microsoft Visual Studio Solution File, Format Version 12.00
# Visual Studio Version 17
VisualStudioVersion = 17.7.34031.279
MinimumVisualStudioVersion = 10.0.40219.1
Project("{8BC9CEB8-8B4A-11D0-8D11-00A0C91BC942}") = "Project1", "Project1\Project1.vcxproj", "{ABE68BBE-F24C-47E5-9868-486C09A55F89}"
EndProject
Global
	GlobalSection(SolutionConfigurationPlatforms) = preSolution
		Debug|x64 = Debug|x64
		Debug|x86 = Debug|x86
		Release|x64 = Release|x64
		Release|x86 = Release|x86
	EndGlobalSection
	GlobalSection(ProjectConfigurationPlatforms) = postSolution
		{ABE68BBE-F24C-47E5-9868-486C09A55F89}.Debug|x64.ActiveCfg = Debug|x64
		{ABE68BBE-F24C-47E5-9868-486C09A55F89}.Debug|x64.Build.0 = Debug|x64
		{ABE68BBE-F24C-47E5-9868-486C09A55F89}.Debug|x86.ActiveCfg = Debug|Win32
		{ABE68BBE-F24C-47E5-9868-486C09A55F89}.Debug|x86.Build.0 = Debug|Win32
		{ABE68BBE-F24C-47E5-9868-486C09A55F89}.Release|x64.ActiveCfg = Release|x64
		{ABE68BBE-F24C-47E5-9868-486C09A55F89}.Release|x64.Build.0 = Release|x64
		{ABE68BBE-F24C-47E5-9868-486C09A55F89}.Release|x86.ActiveCfg = Release|Win32
		{ABE68BBE-F24C-47E5-9868-486C09A55F89}.Release|x86.Build.0 = Release|Win32
	EndGlobalSection
	GlobalSection(SolutionProperties) = preSolution
		HideSolutionNode = FALSE
	EndGlobalSection
	GlobalSection(ExtensibilityGlobals) = postSolution
		SolutionGuid = {B580D32B-3B59-4377-864F-E1B2E7CC4CA8}
	EndGlobalSection
EndGlobal
