
Microsoft Visual Studio Solution File, Format Version 12.00
# Visual Studio Version 17
VisualStudioVersion = 17.7.34031.279
MinimumVisualStudioVersion = 10.0.40219.1
Project("{8BC9CEB8-8B4A-11D0-8D11-00A0C91BC942}") = "Assignment-4", "Assignment-4\Assignment-4.vcxproj", "{73E1ACD2-7CBD-4D4D-8EF2-CCD265C65D19}"
EndProject
Global
	GlobalSection(SolutionConfigurationPlatforms) = preSolution
		Debug|x64 = Debug|x64
		Debug|x86 = Debug|x86
		Release|x64 = Release|x64
		Release|x86 = Release|x86
	EndGlobalSection
	GlobalSection(ProjectConfigurationPlatforms) = postSolution
		{73E1ACD2-7CBD-4D4D-8EF2-CCD265C65D19}.Debug|x64.ActiveCfg = Debug|x64
		{73E1ACD2-7CBD-4D4D-8EF2-CCD265C65D19}.Debug|x64.Build.0 = Debug|x64
		{73E1ACD2-7CBD-4D4D-8EF2-CCD265C65D19}.Debug|x86.ActiveCfg = Debug|Win32
		{73E1ACD2-7CBD-4D4D-8EF2-CCD265C65D19}.Debug|x86.Build.0 = Debug|Win32
		{73E1ACD2-7CBD-4D4D-8EF2-CCD265C65D19}.Release|x64.ActiveCfg = Release|x64
		{73E1ACD2-7CBD-4D4D-8EF2-CCD265C65D19}.Release|x64.Build.0 = Release|x64
		{73E1ACD2-7CBD-4D4D-8EF2-CCD265C65D19}.Release|x86.ActiveCfg = Release|Win32
		{73E1ACD2-7CBD-4D4D-8EF2-CCD265C65D19}.Release|x86.Build.0 = Release|Win32
	EndGlobalSection
	GlobalSection(SolutionProperties) = preSolution
		HideSolutionNode = FALSE
	EndGlobalSection
	GlobalSection(ExtensibilityGlobals) = postSolution
		SolutionGuid = {15A16971-AE8B-4CE0-993C-95471BBBD0B1}
	EndGlobalSection
EndGlobal
